
Microsoft Visual Studio Solution File, Format Version 12.00
# Visual Studio Version 16
VisualStudioVersion = 16.0.30621.155
MinimumVisualStudioVersion = 10.0.40219.1
Project("{FAE04EC0-301F-11D3-BF4B-00C04F79EFBC}") = "APIAssignment", "APIAssignment\APIAssignment.csproj", "{2F650637-B943-451F-9FD3-C4C5A911A367}"
EndProject
Global
	GlobalSection(SolutionConfigurationPlatforms) = preSolution
		Debug|Any CPU = Debug|Any CPU
		Release|Any CPU = Release|Any CPU
	EndGlobalSection
	GlobalSection(ProjectConfigurationPlatforms) = postSolution
		{2F650637-B943-451F-9FD3-C4C5A911A367}.Debug|Any CPU.ActiveCfg = Debug|Any CPU
		{2F650637-B943-451F-9FD3-C4C5A911A367}.Debug|Any CPU.Build.0 = Debug|Any CPU
		{2F650637-B943-451F-9FD3-C4C5A911A367}.Release|Any CPU.ActiveCfg = Release|Any CPU
		{2F650637-B943-451F-9FD3-C4C5A911A367}.Release|Any CPU.Build.0 = Release|Any CPU
	EndGlobalSection
	GlobalSection(SolutionProperties) = preSolution
		HideSolutionNode = FALSE
	EndGlobalSection
	GlobalSection(ExtensibilityGlobals) = postSolution
		SolutionGuid = {4A33B2CF-3C0E-4623-91B0-E5F2F1AC68CE}
	EndGlobalSection
EndGlobal
